
Microsoft Visual Studio Solution File, Format Version 12.00
# Visual Studio Version 17
VisualStudioVersion = 17.9.34622.214
MinimumVisualStudioVersion = 10.0.40219.1
Project("{FAE04EC0-301F-11D3-BF4B-00C04F79EFBC}") = "futboluhcr", "futboluhcr\futboluhcr.csproj", "{B1A908CD-C8B2-46F1-BA6F-E3C831D80036}"
EndProject
Global
	GlobalSection(SolutionConfigurationPlatforms) = preSolution
		Debug|Any CPU = Debug|Any CPU
		Release|Any CPU = Release|Any CPU
	EndGlobalSection
	GlobalSection(ProjectConfigurationPlatforms) = postSolution
		{B1A908CD-C8B2-46F1-BA6F-E3C831D80036}.Debug|Any CPU.ActiveCfg = Debug|Any CPU
		{B1A908CD-C8B2-46F1-BA6F-E3C831D80036}.Debug|Any CPU.Build.0 = Debug|Any CPU
		{B1A908CD-C8B2-46F1-BA6F-E3C831D80036}.Release|Any CPU.ActiveCfg = Release|Any CPU
		{B1A908CD-C8B2-46F1-BA6F-E3C831D80036}.Release|Any CPU.Build.0 = Release|Any CPU
	EndGlobalSection
	GlobalSection(SolutionProperties) = preSolution
		HideSolutionNode = FALSE
	EndGlobalSection
	GlobalSection(ExtensibilityGlobals) = postSolution
		SolutionGuid = {1AAA6C70-EAD2-4B02-929B-A27BC10270C4}
	EndGlobalSection
EndGlobal
